{
  "name": "captain-banha",
  "version": "1.16.2",
  "lockfileVersion": 3,
  "requires": true,
  "packages": {
    "": {
      "name": "captain-banha",
      "version": "1.16.2",
      "dependencies": {
        "@capacitor/core": "^8.5.0",
        "@capacitor/ios": "^8.5.0",
        "@capacitor/status-bar": "^8.0.1",
        "@supabase/supabase-js": "^2.112.3",
        "@vitejs/plugin-react": "6.0.2",
        "maplibre-gl": "^6.3.0",
        "react": "19.2.6",
        "react-dom": "19.2.6",
        "react-router-dom": "^7.18.2",
        "typescript": "5.9.3",
        "vite": "8.2.2"
      },
      "devDependencies": {
        "@capacitor/cli": "^8.5.0",
        "@types/geojson": "^7946.0.16",
        "@types/react": "^19.2.18",
        "@types/react-dom": "^19.2.4",
        "vitest": "^3.2.4"
      }
    },
    "node_modules/@capacitor/cli": {
      "version": "8.5.0",
      "resolved": "https://registry.npmjs.org/@capacitor/cli/-/cli-8.5.0.tgz",
      "integrity": "sha512-rLdzMUM5QV4WITcqoWv04p32i14BXgUH2diqEH6MWQlWaJfiyNrvOyt/+d5vHAfOxOm1klBu637VDEobctlwBA==",
      "dev": true,
      "license": "MIT",
      "dependencies": {
        "@ionic/cli-framework-output": "^2.2.8",
        "@ionic/utils-subprocess": "^3.0.1",
        "@ionic/utils-terminal": "^2.3.5",
        "commander": "^12.1.0",
        "debug": "^4.4.0",
        "env-paths": "^2.2.0",
        "fs-extra": "^11.2.0",
        "kleur": "^4.1.5",
        "native-run": "^2.0.3",
        "open": "^8.4.0",
        "plist": "^3.1.0",
        "prompts": "^2.4.2",
        "rimraf": "^6.0.1",
        "semver": "^7.6.3",
        "tar": "^7.5.3",
        "tslib": "^2.8.1",
        "xcode": "^3.0.1",
        "xml2js": "^0.6.2"
      },
      "bin": {
        "cap": "bin/capacitor",
        "capacitor": "bin/capacitor"
      },
      "engines": {
        "node": ">=22.0.0"
      }
    },
    "node_modules/@capacitor/core": {
      "version": "8.5.0",
      "resolved": "https://registry.npmjs.org/@capacitor/core/-/core-8.5.0.tgz",
      "integrity": "sha512-Ca4krtqH1hothjtBIwf2J2TW7IhYq1ujp8QeItTiJohNsqij8ja2DYYH3DU0l8RmxCWaBAFTGA2TgOgOMCSNsQ==",
      "license": "MIT",
      "dependencies": {
        "tslib": "^2.1.0"
      }
    },
    "node_modules/@capacitor/ios": {
      "version": "8.5.0",
      "resolved": "https://registry.npmjs.org/@capacitor/ios/-/ios-8.5.0.tgz",
      "integrity": "sha512-7k1TfohJu5BzRXc1F3g04Q8QQ0fyQgms6h1AvhnHb04VaNr9EdHOx03hL8O+OigEKMQnyJd1ZOjTPPNHCqL5Yw==",
      "license": "MIT",
      "peerDependencies": {
        "@capacitor/core": "^8.5.0"
      }
    },
    "node_modules/@capacitor/status-bar": {
      "version": "8.0.3",
      "resolved": "https://registry.npmjs.org/@capacitor/status-bar/-/status-bar-8.0.3.tgz",
      "integrity": "sha512-csSpfNeN49Hx9JaQBSJEIiEbOLtXg3kcc2IpScq2fu5L520h3AWEvsxoH8Srk1jxfRKepaJ4S4sqSC3foI4AgA==",
      "license": "MIT",
      "peerDependencies": {
        "@capacitor/core": ">=8.0.0"
      }
    },
    "node_modules/@esbuild/aix-ppc64": {
      "version": "0.28.2",
      "resolved": "https://registry.npmjs.org/@esbuild/aix-ppc64/-/aix-ppc64-0.28.2.tgz",
      "integrity": "sha512-XExcO+dvLKvVtNTibSTBej1NCAbaGhWn9Ww1ZPx80qsahhPFe/8jgWP0IchNe0F3HwkU7n8ejhH8bjonqht8mQ==",
      "cpu": [
        "ppc64"
      ],
      "license": "MIT",
      "optional": true,
      "os": [
        "aix"
      ],
      "engines": {
        "node": ">=18"
      }
    },
    "node_modules/@esbuild/android-arm": {
      "version": "0.28.2",
      "resolved": "https://registry.npmjs.org/@esbuild/android-arm/-/android-arm-0.28.2.tgz",
      "integrity": "sha512-kXXoiPVVGQcnIYGOeaovwOURpniDBpSq4A03qkQ+BMQqtGG6HYap3xne9C1O1yo4TR3qxlCX5IqqmX6fFo2Lqg==",
      "cpu": [
        "arm"
      ],
      "license": "MIT",
      "optional": true,
      "os": [
        "android"
      ],
      "engines": {
        "node": ">=18"
      }
    },
    "node_modules/@esbuild/android-arm64": {
      "version": "0.28.2",
      "resolved": "https://registry.npmjs.org/@esbuild/android-arm64/-/android-arm64-0.28.2.tgz",
      "integrity": "sha512-5YfKeeI8qWfBZIX+u2xZC3Zlb3Os/gLS2sbEKM+I4ZOcsWmHS2WLysCcQZDAFRslDUU5Oiq44gf6PYN1vGwG5A==",
      "cpu": [
        "arm64"
      ],
      "license": "MIT",
      "optional": true,
      "os": [
        "android"
      ],
      "engines": {
        "node": ">=18"
      }
    },
    "node_modules/@esbuild/android-x64": {
      "version": "0.28.2",
      "resolved": "https://registry.npmjs.org/@esbuild/android-x64/-/android-x64-0.28.2.tgz",
      "integrity": "sha512-O387ite7SzUyCcy3JQX4P4bLtEA7bLLkx+esve5JHnyYfNTxcVpXZo9jhdB0lTKN44gztELTdU7nS8Nr16Fs1Q==",
      "cpu": [
        "x64"
      ],
      "license": "MIT",
      "optional": true,
      "os": [
        "android"
      ],
      "engines": {
        "node": ">=18"
      }
    },
    "node_modules/@esbuild/darwin-arm64": {
      "version": "0.28.2",
      "resolved": "https://registry.npmjs.org/@esbuild/darwin-arm64/-/darwin-arm64-0.28.2.tgz",
      "integrity": "sha512-n4KqkOQrraxHJcgjM1RvwbigfQKIKJVpM7xp+KsxiyUSrRdIXnt73VhrPAx0fV44hgfmIVKjxMN9J1t5jySVkw==",
      "cpu": [
        "arm64"
      ],
      "license": "MIT",
      "optional": true,
      "os": [
        "darwin"
      ],
      "engines": {
        "node": ">=18"
      }
    },
    "node_modules/@esbuild/darwin-x64": {
      "version": "0.28.2",
      "resolved": "https://registry.npmjs.org/@esbuild/darwin-x64/-/darwin-x64-0.28.2.tgz",
      "integrity": "sha512-uq6suIWYP37qzGddBKPw5QEQPi6HiLGsO7UmkpfyaYNQ3D+rN6w6WfwH+nuqcGXWvawGwxOEroO4YGnFh95azw==",
      "cpu": [
        "x64"
      ],
      "license": "MIT",
      "optional": true,
      "os": [
        "darwin"
      ],
      "engines": {
        "node": ">=18"
      }
    },
    "node_modules/@esbuild/freebsd-arm64": {
      "version": "0.28.2",
      "resolved": "https://registry.npmjs.org/@esbuild/freebsd-arm64/-/freebsd-arm64-0.28.2.tgz",
      "integrity": "sha512-n+I0BTSRIoy+d6RPKnEVwql5UwBJolytvY4mAOIEJorKlqgPII8ix6slVVrfZ5Tnj7glIZvloylbB/EJPMWEXw==",
      "cpu": [
        "arm64"
      ],
      "license": "MIT",
      "optional": true,
      "os": [
        "freebsd"
      ],
      "engines": {
        "node": ">=18"
      }
    },
    "node_modules/@esbuild/freebsd-x64": {
      "version": "0.28.2",
      "resolved": "https://registry.npmjs.org/@esbuild/freebsd-x64/-/freebsd-x64-0.28.2.tgz",
      "integrity": "sha512-78XJTJkvPs0kz2w61301PJjXl4g7q3JqiYMZ/M/yVI73EHBrCRTgkhu9oqG7vPqq+a/yadEW8aD+agKlk5xrmg==",
      "cpu": [
        "x64"
      ],
      "license": "MIT",
      "optional": true,
      "os": [
        "freebsd"
      ],
      "engines": {
        "node": ">=18"
      }
    },
    "node_modules/@esbuild/linux-arm": {
      "version": "0.28.2",
      "resolved": "https://registry.npmjs.org/@esbuild/linux-arm/-/linux-arm-0.28.2.tgz",
      "integrity": "sha512-XlDnu2q5yoqems+xay6wSAcg9DDD7K9RLKZEBOMZm3ckNpJBvOX20tSfby8KfrrhINDyv9V2YVZKY/SpoGJI8w==",
      "cpu": [
        "arm"
      ],
      "license": "MIT",
      "optional": true,
      "os": [
        "linux"
      ],
      "engines": {
        "node": ">=18"
      }
    },
    "node_modules/@esbuild/linux-arm64": {
      "version": "0.28.2",
      "resolved": "https://registry.npmjs.org/@esbuild/linux-arm64/-/linux-arm64-0.28.2.tgz",
      "integrity": "sha512-pW4AC0P3it8c7do9MVM4p51FzHzdM/TZrerurgRcHJ2WTa1VQ1CIq18xncfpBJw4ojkiZZrKW2yIBWBP92j6Ug==",
      "cpu": [
        "arm64"
      ],
      "license": "MIT",
      "optional": true,
      "os": [
        "linux"
      ],
      "engines": {
        "node": ">=18"
      }
    },
    "node_modules/@esbuild/linux-ia32": {
      "version": "0.28.2",
      "resolved": "https://registry.npmjs.org/@esbuild/linux-ia32/-/linux-ia32-0.28.2.tgz",
      "integrity": "sha512-CYbnj78HsIeA+DhgUKgFCfvNsTHFhMMrinUrMZpDXJXKN8T3XViTZ/+wtHeVxEWY8ewSzTFN+nRmSwO2tZaLUQ==",
      "cpu": [
        "ia32"
      ],
      "license": "MIT",
      "optional": true,
      "os": [
        "linux"
      ],
      "engines": {
        "node": ">=18"
      }
    },
    "node_modules/@esbuild/linux-loong64": {
      "version": "0.28.2",
      "resolved": "https://registry.npmjs.org/@esbuild/linux-loong64/-/linux-loong64-0.28.2.tgz",
      "integrity": "sha512-buwkd8nsph4R+ajRvw0qM5Hja/TXQow3ptzWO2EbG/cqcIkHloRrdlBtQlshyYGTNFvfkfJ5tpPLVkY4DtsPfQ==",
      "cpu": [
        "loong64"
      ],
      "license": "MIT",
      "optional": true,
      "os": [
        "linux"
      ],
      "engines": {
        "node": ">=18"
      }
    },
    "node_modules/@esbuild/linux-mips64el": {
      "version": "0.28.2",
      "resolved": "https://registry.npmjs.org/@esbuild/linux-mips64el/-/linux-mips64el-0.28.2.tgz",
      "integrity": "sha512-ZVykbDyk7519VwiNb9Lcj9m8XM6v5V9uKPvrEMkkEedVewf+0itkhahp4HDpgERXhwLRpWFypsGbG/J8s0QjJA==",
      "cpu": [
        "mips64el"
      ],
      "license": "MIT",
      "optional": true,
      "os": [
        "linux"
      ],
      "engines": {
        "node": ">=18"
      }
    },
    "node_modules/@esbuild/linux-ppc64": {
      "version": "0.28.2",
      "resolved": "https://registry.npmjs.org/@esbuild/linux-ppc64/-/linux-ppc64-0.28.2.tgz",
      "integrity": "sha512-CAXl+Dtd9UUuJd8pKKdwh6MLm3MUMiqMPmhZ3tTSXPqfyQ3vDl6R5hZdZ/kYojK4ofXtdfSv1tFq8XzWx3heNQ==",
      "cpu": [
        "ppc64"
      ],
      "license": "MIT",
      "optional": true,
      "os": [
        "linux"
      ],
      "engines": {
        "node": ">=18"
      }
    },
    "node_modules/@esbuild/linux-riscv64": {
      "version": "0.28.2",
      "resolved": "https://registry.npmjs.org/@esbuild/linux-riscv64/-/linux-riscv64-0.28.2.tgz",
      "integrity": "sha512-GeXCej4IQtU1B+QlDV8W/RRvbzI3O/Stss+/bCXv4lZls5WGRtu2a+3JkA3i4qIUlMXpcHebWpF8AkJhATowuA==",
      "cpu": [
        "riscv64"
      ],
      "license": "MIT",
      "optional": true,
      "os": [
        "linux"
      ],
      "engines": {
        "node": ">=18"
      }
    },
    "node_modules/@esbuild/linux-s390x": {
      "version": "0.28.2",
      "resolved": "https://registry.npmjs.org/@esbuild/linux-s390x/-/linux-s390x-0.28.2.tgz",
      "integrity": "sha512-3H1weTYZPxt/WOhByszQZybS9w5lKzUn1FDMsgEChbHWQwHYQQRfBxgCcZvPhjHfKyJjIievvMmEUawJrdY9Dg==",
      "cpu": [
        "s390x"
      ],
      "license": "MIT",
      "optional": true,
      "os": [
        "linux"
      ],
      "engines": {
        "node": ">=18"
      }
    },
    "node_modules/@esbuild/linux-x64": {
      "version": "0.28.2",
      "resolved": "https://registry.npmjs.org/@esbuild/linux-x64/-/linux-x64-0.28.2.tgz",
      "integrity": "sha512-4xTZr1FUmSoQW4XIWmit3tzQrUTZM+N3P0XV8xROKYF50XfI7xeO90+1bZvNwxIufQ9hDQVRJH5YhgPVF8A/HQ==",
      "cpu": [
        "x64"
      ],
      "license": "MIT",
      "optional": true,
      "os": [
        "linux"
      ],
      "engines": {
        "node": ">=18"
      }
    },
    "node_modules/@esbuild/netbsd-arm64": {
      "version": "0.28.2",
      "resolved": "https://registry.npmjs.org/@esbuild/netbsd-arm64/-/netbsd-arm64-0.28.2.tgz",
      "integrity": "sha512-sSATRjPeDBg3pdgHoQfoYBob11Kk1FGa9lui5RIHZCoCkJa9QKlvl3/vKz2usCmYYjs7ymJR/2Nnsqe+Hjt5nw==",
      "cpu": [
        "arm64"
      ],
      "license": "MIT",
      "optional": true,
      "os": [
        "netbsd"
      ],
      "engines": {
        "node": ">=18"
      }
    },
    "node_modules/@esbuild/netbsd-x64": {
      "version": "0.28.2",
      "resolved": "https://registry.npmjs.org/@esbuild/netbsd-x64/-/netbsd-x64-0.28.2.tgz",
      "integrity": "sha512-lqnzCV+mM0gIADaKihiCg6ifgfU2L3h5E33rNQBN1Y4MaVGnzryzmvvf7UHxprpQdE8hpqLolJ9Rl+SkIRDpyw==",
      "cpu": [
        "x64"
      ],
      "license": "MIT",
      "optional": true,
      "os": [
        "netbsd"
      ],
      "engines": {
        "node": ">=18"
      }
    },
    "node_modules/@esbuild/openbsd-arm64": {
      "version": "0.28.2",
      "resolved": "https://registry.npmjs.org/@esbuild/openbsd-arm64/-/openbsd-arm64-0.28.2.tgz",
      "integrity": "sha512-AL2qJILH7lNjrDmCQDvdxMfAUIv8KMNZOvrwAQ8i8//ntL9FflhOyMJ8OZSMBb8/AWXe3/5v5S20y3zCoZWKoQ==",
      "cpu": [
        "arm64"
      ],
      "license": "MIT",
      "optional": true,
      "os": [
        "openbsd"
      ],
      "engines": {
        "node": ">=18"
      }
    },
    "node_modules/@esbuild/openbsd-x64": {
      "version": "0.28.2",
      "resolved": "https://registry.npmjs.org/@esbuild/openbsd-x64/-/openbsd-x64-0.28.2.tgz",
      "integrity": "sha512-QtiuPytchRyC4rwUKhexJdQKvDuZ6hWloi3igqPQNUJCS1/v9EiO3UTOXR6A3FoMo4fnAKbWJdqaIwhOzh8qEw==",
      "cpu": [
        "x64"
      ],
      "license": "MIT",
      "optional": true,
      "os": [
        "openbsd"
      ],
      "engines": {
        "node": ">=18"
      }
    },
    "node_modules/@esbuild/openharmony-arm64": {
      "version": "0.28.2",
      "resolved": "https://registry.npmjs.org/@esbuild/openharmony-arm64/-/openharmony-arm64-0.28.2.tgz",
      "integrity": "sha512-WkhYDmpTjLvGlScA1rwjRUmhl4k8oXR3cIbtqWmELgU/dFeHHlEllxDvdWcNJV9rbzCexB5vz8gtNewWLgCT7Q==",
      "cpu": [
        "arm64"
      ],
      "license": "MIT",
      "optional": true,
      "os": [
        "openharmony"
      ],
      "engines": {
        "node": ">=18"
      }
    },
    "node_modules/@esbuild/sunos-x64": {
      "version": "0.28.2",
      "resolved": "https://registry.npmjs.org/@esbuild/sunos-x64/-/sunos-x64-0.28.2.tgz",
      "integrity": "sha512-GPMSkTOtMnv2U2F8gxe4Io6qmVs+YKyp832Etqqxr0hFngmXQ3rzwytelm3GIn7T4VviRUlf3sOgBOiTdvaf7g==",
      "cpu": [
        "x64"
      ],
      "license": "MIT",
      "optional": true,
      "os": [
        "sunos"
      ],
      "engines": {
        "node": ">=18"
      }
    },
    "node_modules/@esbuild/win32-arm64": {
      "version": "0.28.2",
      "resolved": "https://registry.npmjs.org/@esbuild/win32-arm64/-/win32-arm64-0.28.2.tgz",
      "integrity": "sha512-PIhhEkE9uPBleRBrQEJpUn7MBnibZzbGzYWPmY3x+YoVg/95zbjB4CxPPOQ8l5tYYM4mMaCthF8/1DIfBQQyWQ==",
      "cpu": [
        "arm64"
      ],
      "license": "MIT",
      "optional": true,
      "os": [
        "win32"
      ],
      "engines": {
        "node": ">=18"
      }
    },
    "node_modules/@esbuild/win32-ia32": {
      "version": "0.28.2",
      "resolved": "https://registry.npmjs.org/@esbuild/win32-ia32/-/win32-ia32-0.28.2.tgz",
      "integrity": "sha512-YmJbfTlvU7Sdn9BB+4PRES4oB6pxgS37MAONj+hBr/cpXS1aBPKXxNnDbu+QCWPj0o9dgyxeq79g6c5P8KeuYA==",
      "cpu": [
        "ia32"
      ],
     ß®uâÚ$z{-®éÜj×&æöFR#¢#ãÒãã Ð¢ÐÐ¢ÒÀÐ¢&æöFUöÖöGVÆW2÷VçF–ÆF–g’#¢°Ð¢'fW'6–öâ#¢#Bãã"ÀÐ¢'&W6öÇfVB#¢&‡GG3¢ò÷&Vv—7G'’æçÖ§2æ÷&r÷VçF–ÆF–g’òÒ÷VçF–ÆF–g’ÓBããçFw¢"ÀÐ¢&–çFVw&—G’#¢'6†S"Ô´³‡…Ö·¥¦Vs––æWvÔedDæ¶s6ÃTÅV†÷–´ãf•u”"ô43•”Ôs„„¶3„‡tFSfDUƒv´W'$Udåd$ó6ew5gV”FwGsÓÒ"ÀÐ¢&FWb#¢G'VRÀÐ¢&Æ–6Vç6R#¢$Ô•B"ÀÐ¢&Væv–æW2#¢°Ð¢&æöFR#¢#ãÓ‚ Ð¢ÐÐ¢ÒÀÐ¢&æöFUöÖöGVÆW2÷WF–ÂÖFW&V6FR#¢°Ð¢'fW'6–öâ#¢#ãã""ÀÐ¢'&W6öÇfVB#¢&‡GG3¢ò÷&Vv—7G'’æçÖ§2æ÷&r÷WF–ÂÖFW&V6FRòÒ÷WF–ÂÖFW&V6FRÓãã"çFw¢"ÀÐ¢&–çFVw&—G’#¢'6†S"ÔUCWU‡”g„§7$Æä63ä†ç6tödE¤&ö4–”“%F44ud4£T¤DÖt7¤–µ„ç5U–dCF²òôÅDU‡†”–'$‡F7sÓÒ"ÀÐ¢&FWb#¢G'VRÀÐ¢&Æ–6Vç6R#¢$Ô•B Ð¢ÒÀÐ¢&æöFUöÖöGVÆW2÷WV–B#¢°Ð¢'fW'6–öâ#¢#rãã2"ÀÐ¢'&W6öÇfVB#¢&‡GG3¢ò÷&Vv—7G'’æçÖ§2æ÷&r÷WV–BòÒ÷WV–BÓrãã2çFw¢"ÀÐ¢&–çFVw&—G’#¢'6†S"ÔE6¶S†…E¦vôböBµu7C%´Ô4e6gƒuVw„UuB´¤÷T„cVw$´Vãr·§F§T¦röts‚ô—D²·&%4B÷”çc‡—––ƒd6sÓÒ"ÀÐ¢&FW&V6FVB#¢'WV–DæB&VÆ÷r—2æòÆöævW"7W÷'FVBâf÷"U4Ò6öFV&6W2ÂWFFRFòWV–DÆFW7Bâf÷"6öÖÖöä¥26öFV&6W2ÂW6RWV–D†'WB&Rv&RF†—2fW'6–öâv–ÆÂÆ–¶VÇ’&RFW&V6FVB–â##‚’â"ÀÐ¢&FWb#¢G'VRÀÐ¢&Æ–6Vç6R#¢$Ô•B"ÀÐ¢&&–â#¢°Ð¢'WV–B#¢&F—7Bö&–â÷WV–B Ð¢ÐÐ¢ÒÀÐ¢&æöFUöÖöGVÆW2÷f—FR#¢°Ð¢'fW'6–öâ#¢#‚ã"ã""ÀÐ¢'&W6öÇfVB#¢&‡GG3¢ò÷&Vv—7G'’æçÖ§2æ÷&r÷f—FRòÒ÷f—FRÓ‚ã"ã"çFw¢"ÀÐ¢&–çFVw&—G’#¢'6†S"Ö4d´Åbõ&tVÄ•&ÓUv¤Ö¤£ƒf§&gG§6t‚µW2´E3†Ô“44Dæ”ƒ3v‡'£‡T„Ã2´ÔôÅw$Ô$vD„„ôÒ·¢õÓÒ"ÀÐ¢&Æ–6Vç6R#¢$Ô•B"ÀÐ¢&FWVæFVæ6–W2#¢°Ð¢&Æ–v‡Fæ–æv772#¢%ãã32ã"ÀÐ¢'–6öÖF6‚#¢%ãBããR"ÀÐ¢'÷7F772#¢%ã‚ãRã#b"ÀÐ¢'&öÆÆF÷vâ#¢'ãã"ãB"ÀÐ¢'F–ç–vÆö&'’#¢%ãã"ãr Ð¢ÒÀÐ¢&&–â#¢°Ð¢'f—FR#¢&&–â÷f—FRæ§2 Ð¢ÒÀÐ¢&Væv–æW2#¢°Ð¢&æöFR#¢%ã#ã’ãÇÂãÓ#"ã"ã Ð¢ÒÀÐ¢&gVæF–ær#¢°Ð¢'W&Â#¢&‡GG3¢òöv—F‡V"æ6öÒ÷f—FV§2÷f—FS÷7öç6÷#Ó Ð¢ÒÀÐ¢&÷F–öæÄFWVæFVæ6–W2#¢°Ð¢&g6WfVçG2#¢'ã"ã2ã2 Ð¢ÒÀÐ¢'VW$FWVæFVæ6–W2#¢°Ð¢$G—W2öæöFR#¢%ã#ã’ãÇÂãÓ#"ã"ã"ÀÐ¢$f—FV§2öFWgFööÇ2#¢%ããBãÇÂããRã"ÀÐ¢&W6'V–ÆB#¢%ãã#rãÇÂãã#‚ã"ÀÐ¢&¦—F’#¢#ãÓã#ã"ÀÐ¢&ÆW72#¢%ãBãã"ÀÐ¢'672#¢%ããsã"ÀÐ¢'672ÖVÖ&VFFVB#¢%ããsã"ÀÐ¢'7G–ÇW2#¢#ãÓãSBã‚"ÀÐ¢'7Vv'72#¢%ãRãã"ÀÐ¢'FW'6W"#¢%ãRãbã"ÀÐ¢'G7‚#¢%ãBã‚ã"ÀÐ¢'–ÖÂ#¢%ã"ãBã" Ð¢ÒÀÐ¢'VW$FWVæFVæ6–W4ÖWF#¢°Ð¢$G—W2öæöFR#¢°Ð¢&÷F–öæÂ#¢G'VPÐ¢ÒÀÐ¢$f—FV§2öFWgFööÇ2#¢°Ð¢&÷F–öæÂ#¢G'VPÐ¢ÒÀÐ¢&W6'V–ÆB#¢°Ð¢&÷F–öæÂ#¢G'VPÐ¢ÒÀÐ¢&¦—F’#¢°Ð¢&÷F–öæÂ#¢G'VPÐ¢ÒÀÐ¢&ÆW72#¢°Ð¢&÷F–öæÂ#¢G'VPÐ¢ÒÀÐ¢'672#¢°Ð¢&÷F–öæÂ#¢G'VPÐ¢ÒÀÐ¢'672ÖVÖ&VFFVB#¢°Ð¢&÷F–öæÂ#¢G'VPÐ¢ÒÀÐ¢'7G–ÇW2#¢°Ð¢&÷F–öæÂ#¢G'VPÐ¢ÒÀÐ¢'7Vv'72#¢°Ð¢&÷F–öæÂ#¢G'VPÐ¢ÒÀÐ¢'FW'6W"#¢°Ð¢&÷F–öæÂ#¢G'VPÐ¢ÒÀÐ¢'G7‚#¢°Ð¢&÷F–öæÂ#¢G'VPÐ¢ÒÀÐ¢'–ÖÂ#¢°Ð¢&÷F–öæÂ#¢G'VPÐ¢ÐÐ¢ÐÐ¢ÒÀÐ¢&æöFUöÖöGVÆW2÷f—FRÖæöFR#¢°Ð¢'fW'6–öâ#¢#2ã"ãB"ÀÐ¢'&W6öÇfVB#¢&‡GG3¢ò÷&Vv—7G'’æçÖ§2æ÷&r÷f—FRÖæöFRòÒ÷f—FRÖæöFRÓ2ã"ãBçFw¢"ÀÐ¢&–çFVw&—G’#¢'6†S"ÔV$µ4¶‚¶&ƒS”g†TósãFGfôõGCTF•„ÖB÷â²·#“‚¶¥ó‡D¦–Çe†ÆFWU†v””#T–·¤6tÖÆT„ÔäW4tƒgsÓÒ"ÀÐ¢&FWb#¢G'VRÀÐ¢&Æ–6Vç6R#¢$Ô•B"ÀÐ¢&FWVæFVæ6–W2#¢°Ð¢&62#¢%ãbãrãB"ÀÐ¢&FV'Vr#¢%ãBãBã"ÀÐ¢&W2ÖÖöGVÆRÖÆW†W"#¢%ããrã"ÀÐ¢'F†R#¢%ã"ãã2"ÀÐ¢'f—FR#¢%ãRããÇÂãbããÇÂãrããÓ Ð¢ÒÀÐ¢&&–â#¢°Ð¢'f—FRÖæöFR#¢'f—FRÖæöFRæÖ§2 Ð¢ÒÀÐ¢&Væv–æW2#¢°Ð¢&æöFR#¢%ã‚ããÇÂã#ããÇÂãÓ#"ãã Ð¢ÒÀÐ¢&gVæF–ær#¢°Ð¢'W&Â#¢&‡GG3¢òö÷Væ6öÆÆV7F—fRæ6öÒ÷f—FW7B Ð¢ÐÐ¢ÒÀÐ¢&æöFUöÖöGVÆW2÷f—FRÖæöFRöæöFUöÖöGVÆW2÷f—FR#¢°Ð¢'fW'6–öâ#¢#rã2ãb"ÀÐ¢'&W6öÇfVB#¢&‡GG3¢ò÷&Vv—7G'’æçÖ§2æ÷&r÷f—FRòÒ÷f—FRÓrã2ãbçFw¢"ÀÐ¢&–çFVw&—G’#¢'6†S"ÓE…c7$v¥5¤fc”‚¶D¤–´³'¦äÃ7¥fÃ”¶´õc”Ö¶µ%"ó4FÇ3G†'5FÆôV3T$Å…uÃ—g4÷†÷‡”¶ôÖÔGVVsÓÒ"ÀÐ¢&FWb#¢G'VRÀÐ¢&Æ–6Vç6R#¢$Ô•B"ÀÐ¢&FWVæFVæ6–W2#¢°Ð¢&W6'V–ÆB#¢%ãã#rãÇÂãã#‚ã"ÀÐ¢&fF—"#¢%ãbãRã"ÀÐ¢'–6öÖF6‚#¢%ãBãã2"ÀÐ¢'÷7F772#¢%ã‚ãRãb"ÀÐ¢'&öÆÇW#¢%ãBãC2ã"ÀÐ¢'F–ç–vÆö&'’#¢%ãã"ãR Ð¢ÒÀÐ¢&&–â#¢°Ð¢'f—FR#¢&&–â÷f—FRæ§2 Ð¢ÒÀÐ¢&Væv–æW2#¢°Ð¢&æöFR#¢%ã#ã’ãÇÂãÓ#"ã"ã Ð¢ÒÀÐ¢&gVæF–ær#¢°Ð¢'W&Â#¢&‡GG3¢òöv—F‡V"æ6öÒ÷f—FV§2÷f—FS÷7öç6÷#Ó Ð¢ÒÀÐ¢&÷F–öæÄFWVæFVæ6–W2#¢°Ð¢&g6WfVçG2#¢'ã"ã2ã2 Ð¢ÒÀÐ¢'VW$FWVæFVæ6–W2#¢°Ð¢$G—W2öæöFR#¢%ã#ã’ãÇÂãÓ#"ã"ã"ÀÐ¢&¦—F’#¢#ãÓã#ã"ÀÐ¢&ÆW72#¢%ãBãã"ÀÐ¢&Æ–v‡Fæ–æv772#¢%ãã#ã"ÀÐ¢'672#¢%ããsã"ÀÐ¢'672ÖVÖ&VFFVB#¢%ããsã"ÀÐ¢'7G–ÇW2#¢#ãÓãSBã‚"ÀÐ¢'7Vv'72#¢%ãRãã"ÀÐ¢'FW'6W"#¢%ãRãbã"ÀÐ¢'G7‚#¢%ãBã‚ã"ÀÐ¢'–ÖÂ#¢%ã"ãBã" Ð¢ÒÀÐ¢'VW$FWVæFVæ6–W4ÖWF#¢°Ð¢$G—W2öæöFR#¢°Ð¢&÷F–öæÂ#¢G'VPÐ¢ÒÀÐ¢&¦—F’#¢°Ð¢&÷F–öæÂ#¢G'VPÐ¢ÒÀÐ¢&ÆW72#¢°Ð¢&÷F–öæÂ#¢G'VPÐ¢ÒÀÐ¢&Æ–v‡Fæ–æv772#¢°Ð¢&÷F–öæÂ#¢G'VPÐ¢ÒÀÐ¢'672#¢°Ð¢&÷F–öæÂ#¢G'VPÐ¢ÒÀÐ¢'672ÖVÖ&VFFVB#¢°Ð¢&÷F–öæÂ#¢G'VPÐ¢ÒÀÐ¢'7G–ÇW2#¢°Ð¢&÷F–öæÂ#¢G'VPÐ¢ÒÀÐ¢'7Vv'72#¢°Ð¢&÷F–öæÂ#¢G'VPÐ¢ÒÀÐ¢'FW'6W"#¢°Ð¢&÷F–öæÂ#¢G'VPÐ¢ÒÀÐ¢'G7‚#¢°Ð¢&÷F–öæÂ#¢G'VPÐ¢ÒÀÐ¢'–ÖÂ#¢°Ð¢&÷F–öæÂ#¢G'VPÐ¢ÐÐ¢ÐÐ¢ÒÀÐ¢&æöFUöÖöGVÆW2÷f—FW7B#¢°Ð¢'fW'6–öâ#¢#2ã"ãB"ÀÐ¢'&W6öÇfVB#¢&‡GG3¢ò÷&Vv—7G'’æçÖ§2æ÷&r÷f—FW7BòÒ÷f—FW7BÓ2ã"ãBçFw¢"ÀÐ¢&–çFVw&—G’#¢'6†S"ÔÅT5VWc4uU$G—5Ev•Cwu%%WÄ´Ôöe‚·”µGƒ6µd”V—ST´ôÖW§å”ç4·”öõg%TÆ—e#‡DÆ6·3B¶Æv35v†ã“ÓÒ"ÀÐ¢&FWb#¢G'VRÀÐ¢&Æ–6Vç6R#¢$Ô•B"ÀÐ¢&FWVæFVæ6–W2#¢°Ð¢$G—W2ö6†’#¢%ãRã"ã""ÀÐ¢$f—FW7BöW‡V7B#¢#2ã"ãB"ÀÐ¢$f—FW7BöÖö6¶W"#¢#2ã"ãB"ÀÐ¢$f—FW7B÷&WGG’Öf÷&ÖB#¢%ã2ã"ãB"ÀÐ¢$f—FW7B÷'VææW"#¢#2ã"ãB"ÀÐ¢$f—FW7B÷6æ6†÷B#¢#2ã"ãB"ÀÐ¢$f—FW7B÷7’#¢#2ã"ãB"ÀÐ¢$f—FW7B÷WF–Ç2#¢#2ã"ãB"ÀÐ¢&6†’#¢%ãRã"ã"ÀÐ¢&FV'Vr#¢%ãBãBã"ÀÐ¢&W‡V7B×G—R#¢%ãã"ã"ÀÐ¢&Öv–2×7G&–ær#¢%ãã3ãr"ÀÐ¢'F†R#¢%ã"ãã2"ÀÐ¢'–6öÖF6‚#¢%ãBãã""ÀÐ¢'7FBÖVçb#¢%ã2ã’ã"ÀÐ¢'F–ç–&Væ6‚#¢%ã"ã’ã"ÀÐ¢'F–ç–W†V2#¢%ãã2ã""ÀÐ¢'F–ç–vÆö&'’#¢%ãã"ãB"ÀÐ¢'F–ç—ööÂ#¢%ããã"ÀÐ¢'F–ç—&–æ&÷r#¢%ã"ãã"ÀÐ¢'f—FR#¢%ãRããÇÂãbããÇÂãrããÓ"ÀÐ¢'f—FRÖæöFR#¢#2ã"ãB"ÀÐ¢'v‡’Ö—2ÖæöFR×'Vææ–ær#¢%ã"ã2ã Ð¢ÒÀÐ¢&&–â#¢°Ð¢'f—FW7B#¢'f—FW7BæÖ§2 Ð¢ÒÀÐ¢&Væv–æW2#¢°Ð¢&æöFR#¢%ã‚ããÇÂã#ããÇÂãÓ#"ãã Ð¢ÒÀÐ¢&gVæF–ær#¢°Ð¢'W&Â#¢&‡GG3¢òö÷Væ6öÆÆV7F—fRæ6öÒ÷f—FW7B Ð¢ÒÀÐ¢'VW$FWVæFVæ6–W2#¢°Ð¢$VFvR×'VçF–ÖR÷fÒ#¢"¢"ÀÐ¢$G—W2öFV'Vr#¢%ãBãã""ÀÐ¢$G—W2öæöFR#¢%ã‚ããÇÂã#ããÇÂãÓ#"ãã"ÀÐ¢$f—FW7Bö'&÷w6W"#¢#2ã"ãB"ÀÐ¢$f—FW7B÷V’#¢#2ã"ãB"ÀÐ¢&†’ÖFöÒ#¢"¢"ÀÐ¢&§6FöÒ#¢"¢ Ð¢ÒÀÐ¢'VW$FWVæFVæ6–W4ÖWF#¢°Ð¢$VFvR×'VçF–ÖR÷fÒ#¢°Ð¢&÷F–öæÂ#¢G'VPÐ¢ÒÀÐ¢$G—W2öFV'Vr#¢°Ð¢&÷F–öæÂ#¢G'VPÐ¢ÒÀÐ¢$G—W2öæöFR#¢°Ð¢&÷F–öæÂ#¢G'VPÐ¢ÒÀÐ¢$f—FW7Bö'&÷w6W"#¢°Ð¢&÷F–öæÂ#¢G'VPÐ¢ÒÀÐ¢$f—FW7B÷V’#¢°Ð¢&÷F–öæÂ#¢G'VPÐ¢ÒÀÐ¢&†’ÖFöÒ#¢°Ð¢&÷F–öæÂ#¢G'VPÐ¢ÒÀÐ¢&§6FöÒ#¢°Ð¢&÷F–öæÂ#¢G'VPÐ¢ÐÐ¢ÐÐ¢ÒÀÐ¢&æöFUöÖöGVÆW2÷f—FW7BöæöFUöÖöGVÆW2ôf—FW7BöÖö6¶W"#¢°Ð¢'fW'6–öâ#¢#2ã"ãB"ÀÐ¢'&W6öÇfVB#¢&‡GG3¢ò÷&Vv—7G'’æçÖ§2æ÷&rôf—FW7BöÖö6¶W"òÒöÖö6¶W"Ó2ã"ãBçFw¢"ÀÐ¢&–çFVw&—G’#¢'6†S"ÓCg'•DS•%¤ò÷&dFCwWfÃvWGW—¦V·¤V…V%Es4'fÖTòô&44ÔVwS”$¶†V³6E„Evt£FôÔ³dõ¦’·e'#usg¤UÓÒ"ÀÐ¢&FWb#¢G'VRÀÐ¢&Æ–6Vç6R#¢$Ô•B"ÀÐ¢&FWVæFVæ6–W2#¢°Ð¢$f—FW7B÷7’#¢#2ã"ãB"ÀÐ¢&W7G&VR×vÆ¶W"#¢%ã2ãã2"ÀÐ¢&Öv–2×7G&–ær#¢%ãã3ãr Ð¢ÒÀÐ¢&gVæF–ær#¢°Ð¢'W&Â#¢&‡GG3¢òö÷Væ6öÆÆV7F—fRæ6öÒ÷f—FW7B Ð¢ÒÀÐ¢'VW$FWVæFVæ6–W2#¢°Ð¢&×7r#¢%ã"ãBã’"ÀÐ¢'f—FR#¢%ãRããÇÂãbããÇÂãrããÓ Ð¢ÒÀÐ¢'VW$FWVæFVæ6–W4ÖWF#¢°Ð¢&×7r#¢°Ð¢&÷F–öæÂ#¢G'VPÐ¢ÒÀÐ¢'f—FR#¢°Ð¢&÷F–öæÂ#¢G'VPÐ¢ÐÐ¢ÐÐ¢ÒÀÐ¢&æöFUöÖöGVÆW2÷f—FW7BöæöFUöÖöGVÆW2÷f—FR#¢°Ð¢'fW'6–öâ#¢#rã2ãb"ÀÐ¢'&W6öÇfVB#¢&‡GG3¢ò÷&Vv—7G'’æçÖ§2æ÷&r÷f—FRòÒ÷f—FRÓrã2ãbçFw¢"ÀÐ¢&–çFVw&—G’#¢'6†S"ÓE…c7$v¥5¤fc”‚¶D¤–´³'¦äÃ7¥fÃ”¶´õc”Ö¶µ%"ó4FÇ3G†'5FÆôV3T$Å…uÃ—g4÷†÷‡”¶ôÖÔGVVsÓÒ"ÀÐ¢&FWb#¢G'VRÀÐ¢&Æ–6Vç6R#¢$Ô•B"ÀÐ¢&FWVæFVæ6–W2#¢°Ð¢&W6'V–ÆB#¢%ãã#rãÇÂãã#‚ã"ÀÐ¢&fF—"#¢%ãbãRã"ÀÐ¢'–6öÖF6‚#¢%ãBãã2"ÀÐ¢'÷7F772#¢%ã‚ãRãb"ÀÐ¢'&öÆÇW#¢%ãBãC2ã"ÀÐ¢'F–ç–vÆö&'’#¢%ãã"ãR Ð¢ÒÀÐ¢&&–â#¢°Ð¢'f—FR#¢&&–â÷f—FRæ§2 Ð¢ÒÀÐ¢&Væv–æW2#¢°Ð¢&æöFR#¢%ã#ã’ãÇÂãÓ#"ã"ã Ð¢ÒÀÐ¢&gVæF–ær#¢°Ð¢'W&Â#¢&‡GG3¢òöv—F‡V"æ6öÒ÷f—FV§2÷f—FS÷7öç6÷#Ó Ð¢ÒÀÐ¢&÷F–öæÄFWVæFVæ6–W2#¢°Ð¢&g6WfVçG2#¢'ã"ã2ã2 Ð¢ÒÀÐ¢'VW$FWVæFVæ6–W2#¢°Ð¢$G—W2öæöFR#¢%ã#ã’ãÇÂãÓ#"ã"ã"ÀÐ¢&¦—F’#¢#ãÓã#ã"ÀÐ¢&ÆW72#¢%ãBãã"ÀÐ¢&Æ–v‡Fæ–æv772#¢%ãã#ã"ÀÐ¢'672#¢%ããsã"ÀÐ¢'672ÖVÖ&VFFVB#¢%ããsã"ÀÐ¢'7G–ÇW2#¢#ãÓãSBã‚"ÀÐ¢'7Vv'72#¢%ãRãã"ÀÐ¢'FW'6W"#¢%ãRãbã"ÀÐ¢'G7‚#¢%ãBã‚ã"ÀÐ¢'–ÖÂ#¢%ã"ãBã" Ð¢ÒÀÐ¢'VW$FWVæFVæ6–W4ÖWF#¢°Ð¢$G—W2öæöFR#¢°Ð¢&÷F–öæÂ#¢G'VPÐ¢ÒÀÐ¢&¦—F’#¢°Ð¢&÷F–öæÂ#¢G'VPÐ¢ÒÀÐ¢&ÆW72#¢°Ð¢&÷F–öæÂ#¢G'VPÐ¢ÒÀÐ¢&Æ–v‡Fæ–æv772#¢°Ð¢&÷F–öæÂ#¢G'VPÐ¢ÒÀÐ¢'672#¢°Ð¢&÷F–öæÂ#¢G'VPÐ¢ÒÀÐ¢'672ÖVÖ&VFFVB#¢°Ð¢&÷F–öæÂ#¢G'VPÐ¢ÒÀÐ¢'7G–ÇW2#¢°Ð¢&÷F–öæÂ#¢G'VPÐ¢ÒÀÐ¢'7Vv'72#¢°Ð¢&÷F–öæÂ#¢G'VPÐ¢ÒÀÐ¢'FW'6W"#¢°Ð¢&÷F–öæÂ#¢G'VPÐ¢ÒÀÐ¢'G7‚#¢°Ð¢&÷F–öæÂ#¢G'VPÐ¢ÒÀÐ¢'–ÖÂ#¢°Ð¢&÷F–öæÂ#¢G'VPÐ¢ÐÐ¢ÐÐ¢ÒÀÐ¢&æöFUöÖöGVÆW2÷v†–6‚#¢°Ð¢'fW'6–öâ#¢#"ãã""ÀÐ¢'&W6öÇfVB#¢&‡GG3¢ò÷&Vv—7G'’æçÖ§2æ÷&r÷v†–6‚òÒ÷v†–6‚Ó"ãã"çFw¢"ÀÐ¢&–çFVw&—G’#¢'6†S"Ô$Ä“5FÃEs5fÃsÃ7—5“cF’¶wu‡4t%•v¶·×Fæ%†w$ÔB·–£w&…s·TTG‡¤¦•„v¤UsVöv´äÔT´äÖ¦–$ÓÒ"ÀÐ¢&FWb#¢G'VRÀÐ¢&Æ–6Vç6R#¢$•42"ÀÐ¢&FWVæFVæ6–W2#¢°Ð¢&—6W†R#¢%ã"ãã Ð¢ÒÀÐ¢&&–â#¢°Ð¢&æöFR×v†–6‚#¢&&–âöæöFR×v†–6‚ Ð¢ÒÀÐ¢&Væv–æW2#¢°Ð¢&æöFR#¢#ãÒ‚ Ð¢ÐÐ¢ÒÀÐ¢&æöFUöÖöGVÆW2÷v‡’Ö—2ÖæöFR×'Vææ–ær#¢°Ð¢'fW'6–öâ#¢#"ã2ã"ÀÐ¢'&W6öÇfVB#¢&‡GG3¢ò÷&Vv—7G'’æçÖ§2æ÷&r÷v‡’Ö—2ÖæöFR×'Vææ–æròÒ÷v‡’Ö—2ÖæöFR×'Vææ–ærÓ"ã2ãçFw¢"ÀÐ¢&–çFVw&—G’#¢'6†S"Ö…W&Öt&EdF7‡e—ç–ƒ—§Vä·¥$õv¦%¥F”ç“†D$V¦µ3vV„TE–%„£u‡fÆ×F'wUF6ÅV”—”â´7•…CEfÖ¶ó†dæÓ‡sÓÒ"ÀÐ¢&FWb#¢G'VRÀÐ¢&Æ–6Vç6R#¢$Ô•B"ÀÐ¢&FWVæFVæ6–W2#¢°Ð¢'6–v–æfò#¢%ã"ãã"ÀÐ¢'7F6¶&6²#¢#ãã" Ð¢ÒÀÐ¢&&–â#¢°Ð¢'v‡’Ö—2ÖæöFR×'Vææ–ær#¢&6Æ’æ§2 Ð¢ÒÀÐ¢&Væv–æW2#¢°Ð¢&æöFR#¢#ãÓ‚ Ð¢ÐÐ¢ÒÀÐ¢&æöFUöÖöGVÆW2÷w&Öç6’#¢°Ð¢'fW'6–öâ#¢#rãã"ÀÐ¢'&W6öÇfVB#¢&‡GG3¢ò÷&Vv—7G'’æçÖ§2æ÷&r÷w&Öç6’òÒ÷w&Öç6’ÓrããçFw¢"ÀÐ¢&–çFVw&—G’#¢'6†S"Õ•dt–£&¶ÔÅ5G‡sdç5¦¦ô'†e7w6ã–6FW6Ö3Gµ#3W¥U£Â´æg…fG…FD‡fÔådõe…5”sDWG—Bôf“tCeÓÒ"ÀÐ¢&FWb#¢G'VRÀÐ¢&Æ–6Vç6R#¢$Ô•B"ÀÐ¢&FWVæFVæ6–W2#¢°Ð¢&ç6’×7G–ÆW2#¢%ãBãã"ÀÐ¢'7G&–ær×v–GF‚#¢%ãBãã"ÀÐ¢'7G&—Öç6’#¢%ãbãã Ð¢ÒÀÐ¢&Væv–æW2#¢°Ð¢&æöFR#¢#ãÓ Ð¢ÒÀÐ¢&gVæF–ær#¢°Ð¢'W&Â#¢&‡GG3¢òöv—F‡V"æ6öÒö6†Æ²÷w&Öç6“÷7öç6÷#Ó Ð¢ÐÐ¢ÒÀÐ¢&æöFUöÖöGVÆW2÷†6öFR#¢°Ð¢'fW'6–öâ#¢#2ãã"ÀÐ¢'&W6öÇfVB#¢&‡GG3¢ò÷&Vv—7G'’æçÖ§2æ÷&r÷†6öFRòÒ÷†6öFRÓ2ããçFw¢"ÀÐ¢&–çFVw&—G’#¢'6†S"Ö´7£V³t£u†$§F¤$÷f¶3VÄ¦Ö¶”Fƒ…f†¥d4tæ—D´766ÕgEeWT•‡c†Ô4Æµ£VG4‡ƒ4•óE…r´åDF…RöfDÓÒ"ÀÐ¢&FWb#¢G'VRÀÐ¢&Æ–6Vç6R#¢$6†RÓ"ã"ÀÐ¢&FWVæFVæ6–W2#¢°Ð¢'6–×ÆR×Æ—7B#¢%ããã"ÀÐ¢'WV–B#¢%ãrãã2 Ð¢ÒÀÐ¢&Væv–æW2#¢°Ð¢&æöFR#¢#ãÓãã Ð¢ÐÐ¢ÒÀÐ¢&æöFUöÖöGVÆW2÷†ÖÃ&§2#¢°Ð¢'fW'6–öâ#¢#ãbã""ÀÐ¢'&W6öÇfVB#¢&‡GG3¢ò÷&Vv—7G'’æçÖ§2æ÷&r÷†ÖÃ&§2òÒ÷†ÖÃ&§2Óãbã"çFw¢"ÀÐ¢&–çFVw&—G’#¢'6†S"ÕCG&–T†3U†4U3·‡†£D¥vvU„F²·t†5”ô4d†f—t·£wDõeÇt†§–DÓt4Ö‡–ÇÔVev„Ö4ô”6‡f÷F•¦VtÓÒ"ÀÐ¢&FWb#¢G'VRÀÐ¢&Æ–6Vç6R#¢$Ô•B"ÀÐ¢&FWVæFVæ6–W2#¢°Ð¢'6‚#¢#ãÓãbã"ÀÐ¢'†ÖÆ'V–ÆFW"#¢'ããã Ð¢ÒÀÐ¢&Væv–æW2#¢°Ð¢&æöFR#¢#ãÓBãã Ð¢ÐÐ¢ÒÀÐ¢&æöFUöÖöGVÆW2÷†ÖÃ&§2öæöFUöÖöGVÆW2÷†ÖÆ'V–ÆFW"#¢°Ð¢'fW'6–öâ#¢#ãã"ÀÐ¢'&W6öÇfVB#¢&‡GG3¢ò÷&Vv—7G'’æçÖ§2æ÷&r÷†ÖÆ'V–ÆFW"òÒ÷†ÖÆ'V–ÆFW"ÓããçFw¢"ÀÐ¢&–çFVw&—G’#¢'6†S"ÖdFÇ4’ö´dWƒvtÇf&V63öö„ÄsSgVu‡'”‡¤ÕGUs—e6t£…•t¶æ‡5Wƒvö–S4s“‚·#SfE•T#F¶‡CC%#4§dÓÒ"ÀÐ¢&FWb#¢G'VRÀÐ¢&Æ–6Vç6R#¢$Ô•B"ÀÐ¢&Væv–æW2#¢°Ð¢&æöFR#¢#ãÓBã Ð¢ÐÐ¢ÒÀÐ¢&æöFUöÖöGVÆW2÷†ÖÆ'V–ÆFW"#¢°Ð¢'fW'6–öâ#¢#Rãã"ÀÐ¢'&W6öÇfVB#¢&‡GG3¢ò÷&Vv—7G'’æçÖ§2æ÷&r÷†ÖÆ'V–ÆFW"òÒ÷†ÖÆ'V–ÆFW"ÓRããçFw¢"ÀÐ¢&–çFVw&—G’#¢'6†S"×”×t'E‡–TãS5Du—ftætEe£6£ƒEsF7v´õ…7vv†öÃdu¥vfc–Ææ'dãtÔ…”¤ö•‡7du‡F¥E”¤V”3”£'wc”VsÓÒ"ÀÐ¢&FWb#¢G'VRÀÐ¢&Æ–6Vç6R#¢$Ô•B"ÀÐ¢&Væv–æW2#¢°Ð¢&æöFR#¢#ãÓ‚ã Ð¢ÐÐ¢ÒÀÐ¢&æöFUöÖöGVÆW2÷–ÆÆ—7B#¢°Ð¢'fW'6–öâ#¢#Rãã"ÀÐ¢'&W6öÇfVB#¢&‡GG3¢ò÷&Vv—7G'’æçÖ§2æ÷&r÷–ÆÆ—7BòÒ÷–ÆÆ—7BÓRããçFw¢"ÀÐ¢&–çFVw&—G’#¢'6†S"Õ–weUFgw–3uU…d×$"µ4–×5e•6ÕE3…‚÷E7'FDå¤Ô–ÔÒ¶ãrµG&•%‡•†–ÓÔ'%E„æW¥dcµtvt…V—•f”dg$äGsÓÒ"ÀÐ¢&FWb#¢G'VRÀÐ¢&Æ–6Vç6R#¢$&ÇVTö²Óãã"ÀÐ¢&Væv–æW2#¢°Ð¢&æöFR#¢#ãÓ‚ Ð¢ÐÐ¢ÒÀÐ¢&æöFUöÖöGVÆW2÷–W¦Â#¢°Ð¢'fW'6–öâ#¢#"ãã"ÀÐ¢'&W6öÇfVB#¢&‡GG3¢ò÷&Vv—7G'’æçÖ§2æ÷&r÷–W¦ÂòÒ÷–W¦ÂÓ"ããçFw¢"ÀÐ¢&–çFVw&—G’#¢'6†S"×F”“eƒfçSd–†ôvÔ'6$§“ÖÄ3F£#wdU¥ƒ”cDÃB÷e¥C4Ç—f´d‡rõbõV4#”'Vò´Ds6”†µCƒ5–S‡¦36sÓÒ"ÀÐ¢&FWb#¢G'VRÀÐ¢&Æ–6Vç6R#¢$Ô•B"ÀÐ¢&FWVæFVæ6–W2#¢°Ð¢&'VffW"Ö7&33"#¢'ãã"ã2"ÀÐ¢&fB×6Æ–6W"#¢'ããã Ð¢ÐÐ¢ÐÐ¢ÐÐ§ÐÐ